// !$*UTF8*$!
{
	archiveVersion = 1;
	classes = {
	};
	objectVersion = 50;
	objects = {

/* Begin PBXBuildFile section */
		5A0DE73A21135A9800C56CE3 /* SendMemesTableViewCell.swift in Sources */ = {isa = PBXBuildFile; fileRef = 5A0DE73921135A9800C56CE3 /* SendMemesTableViewCell.swift */; };
		5A0DE73C21135B0000C56CE3 /* SendMemesCollectionViewCell.swift in Sources */ = {isa = PBXBuildFile; fileRef = 5A0DE73B21135B0000C56CE3 /* SendMemesCollectionViewCell.swift */; };
		5A15BA1921096D0E0015B1C2 /* AppDelegate.swift in Sources */ = {isa = PBXBuildFile; fileRef = 5A15BA1821096D0E0015B1C2 /* AppDelegate.swift */; };
		5A15BA1B21096D0E0015B1C2 /* MemeEditorViewController.swift in Sources */ = {isa = PBXBuildFile; fileRef = 5A15BA1A21096D0E0015B1C2 /* MemeEditorViewController.swift */; };
		5A15BA1E21096D0E0015B1C2 /* Main.storyboard in Resources */ = {isa = PBXBuildFile; fileRef = 5A15BA1C21096D0E0015B1C2 /* Main.storyboard */; };
		5A15BA2021096D110015B1C2 /* Assets.xcassets in Resources */ = {isa = PBXBuildFile; fileRef = 5A15BA1F21096D110015B1C2 /* Assets.xcassets */; };
		5A15BA2321096D120015B1C2 /* LaunchScreen.storyboard in Resources */ = {isa = PBXBuildFile; fileRef = 5A15BA2121096D120015B1C2 /* LaunchScreen.storyboard */; };
		5A1656F021153D1400EF1D85 /* SendMemesNewCollectionViewController.swift in Sources */ = {isa = PBXBuildFile; fileRef = 5A1656EF21153D1400EF1D85 /* SendMemesNewCollectionViewController.swift */; };
		5A1656F2211540F800EF1D85 /* SendMemesNewTableViewController.swift in Sources */ = {isa = PBXBuildFile; fileRef = 5A1656F1211540F800EF1D85 /* SendMemesNewTableViewController.swift */; };
		5A1656F421154F1800EF1D85 /* DetailMemeViewController.swift in Sources */ = {isa = PBXBuildFile; fileRef = 5A1656F321154F1800EF1D85 /* DetailMemeViewController.swift */; };
		5AF8B316210A3B78003EC803 /* Meme.swift in Sources */ = {isa = PBXBuildFile; fileRef = 5AF8B315210A3B78003EC803 /* Meme.swift */; };
/* End PBXBuildFile section */

/* Begin PBXFileReference section */
		5A0DE73921135A9800C56CE3 /* SendMemesTableViewCell.swift */ = {isa = PBXFileReference; lastKnownFileType = sourcecode.swift; path = SendMemesTableViewCell.swift; sourceTree = "<group>"; };
		5A0DE73B21135B0000C56CE3 /* SendMemesCollectionViewCell.swift */ = {isa = PBXFileReference; lastKnownFileType = sourcecode.swift; path = SendMemesCollectionViewCell.swift; sourceTree = "<group>"; };
		5A15BA1521096D0E0015B1C2 /* MemeMe.app */ = {isa = PBXFileReference; explicitFileType = wrapper.application; includeInIndex = 0; path = MemeMe.app; sourceTree = BUILT_PRODUCTS_DIR; };
		5A15BA1821096D0E0015B1C2 /* AppDelegate.swift */ = {isa = PBXFileReference; lastKnownFileType = sourcecode.swift; path = AppDelegate.swift; sourceTree = "<group>"; };
		5A15BA1A21096D0E0015B1C2 /* MemeEditorViewController.swift */ = {isa = PBXFileReference; lastKnownFileType = sourcecode.swift; path = MemeEditorViewController.swift; sourceTree = "<group>"; };
		5A15BA1D21096D0E0015B1C2 /* Base */ = {isa = PBXFileReference; lastKnownFileType = file.storyboard; name = Base; path = Base.lproj/Main.storyboard; sourceTree = "<group>"; };
		5A15BA1F21096D110015B1C2 /* Assets.xcassets */ = {isa = PBXFileReference; lastKnownFileType = folder.assetcatalog; path = Assets.xcassets; sourceTree = "<group>"; };
		5A15BA2221096D120015B1C2 /* Base */ = {isa = PBXFileReference; lastKnownFileType = file.storyboard; name = Base; path = Base.lproj/LaunchScreen.storyboard; sourceTree = "<group>"; };
		5A15BA2421096D120015B1C2 /* Info.plist */ = {isa = PBXFileReference; lastKnownFileType = text.plist.xml; path = Info.plist; sourceTree = "<group>"; };
		5A1656EF21153D1400EF1D85 /* SendMemesNewCollectionViewController.swift */ = {isa = PBXFileReference; lastKnownFileType = sourcecode.swift; path = SendMemesNewCollectionViewController.swift; sourceTree = "<group>"; };
		5A1656F1211540F800EF1D85 /* SendMemesNewTableViewController.swift */ = {isa = PBXFileReference; lastKnownFileType = sourcecode.swift; path = SendMemesNewTableViewController.swift; sourceTree = "<group>"; };
		5A1656F321154F1800EF1D85 /* DetailMemeViewController.swift */ = {isa = PBXFileReference; lastKnownFileType = sourcecode.swift; path = DetailMemeViewController.swift; sourceTree = "<group>"; };
		5AF8B315210A3B78003EC803 /* Meme.swift */ = {isa = PBXFileReference; lastKnownFileType = sourcecode.swift; path = Meme.swift; sourceTree = "<group>"; };
/* End PBXFileReference section */

/* Begin PBXFrameworksBuildPhase section */
		5A15BA1221096D0E0015B1C2 /* Frameworks */ = {
			isa = PBXFrameworksBuildPhase;
			buildActionMask = 2147483647;
			files = (
			);
			runOnlyForDeploymentPostprocessing = 0;
		};
/* End PBXFrameworksBuildPhase section */

/* Begin PBXGroup section */
		5A13920F21162E67005C7533 /* Models */ = {
			isa = PBXGroup;
			children = (
				5AF8B315210A3B78003EC803 /* Meme.swift */,
			);
			path = Models;
			sourceTree = "<group>";
		};
		5A13921021162E7B005C7533 /* Controllers */ = {
			isa = PBXGroup;
			children = (
				5A1656F1211540F800EF1D85 /* SendMemesNewTableViewController.swift */,
				5A0DE73921135A9800C56CE3 /* SendMemesTableViewCell.swift */,
				5A1656EF21153D1400EF1D85 /* SendMemesNewCollectionViewController.swift */,
				5A0DE73B21135B0000C56CE3 /* SendMemesCollectionViewCell.swift */,
				5A1656F321154F1800EF1D85 /* DetailMemeViewController.swift */,
				5A15BA1A21096D0E0015B1C2 /* MemeEditorViewController.swift */,
			);
			path = Controllers;
			sourceTree = "<group>";
		};
		5A13921121162EF6005C7533 /* Views */ = {
			isa = PBXGroup;
			children = (
				5A15BA2121096D120015B1C2 /* LaunchScreen.storyboard */,
				5A15BA1C21096D0E0015B1C2 /* Main.storyboard */,
			);
			path = Views;
			sourceTree = "<group>";
		};
		5A15BA0C21096D0E0015B1C2 = {
			isa = PBXGroup;
			children = (
				5A15BA1721096D0E0015B1C2 /* MemeMe */,
				5A15BA1621096D0E0015B1C2 /* Products */,
			);
			sourceTree = "<group>";
		};
		5A15BA1621096D0E0015B1C2 /* Products */ = {
			isa = PBXGroup;
			children = (
				5A15BA1521096D0E0015B1C2 /* MemeMe.app */,
			);
			name = Products;
			sourceTree = "<group>";
		};
		5A15BA1721096D0E0015B1C2 /* MemeMe */ = {
			isa = PBXGroup;
			children = (
				5A15BA1821096D0E0015B1C2 /* AppDelegate.swift */,
				5A13920F21162E67005C7533 /* Models */,
				5A13921121162EF6005C7533 /* Views */,
				5A13921021162E7B005C7533 /* Controllers */,
				5A15BA1F21096D110015B1C2 /* Assets.xcassets */,
				5A15BA2421096D120015B1C2 /* Info.plist */,
			);
			path = MemeMe;
			sourceTree = "<group>";
		};
/* End PBXGroup section */

/* Begin PBXNativeTarget section */
		5A15BA1421096D0E0015B1C2 /* MemeMe */ = {
			isa = PBXNativeTarget;
			buildConfigurationList = 5A15BA2721096D120015B1C2 /* Build configuration list for PBXNativeTarget "MemeMe" */;
			buildPhases = (
				5A15BA1121096D0E0015B1C2 /* Sources */,
				5A15BA1221096D0E0015B1C2 /* Frameworks */,
				5A15BA1321096D0E0015B1C2 /* Resources */,
			);
			buildRules = (
			);
			dependencies = (
			);
			name = MemeMe;
			productName = MemeMe;
			productReference = 5A15BA1521096D0E0015B1C2 /* MemeMe.app */;
			productType = "com.apple.product-type.application";
		};
/* End PBXNativeTarget section */

/* Begin PBXProject section */
		5A15BA0D21096D0E0015B1C2 /* Project object */ = {
			isa = PBXProject;
			attributes = {
				LastSwiftUpdateCheck = 0940;
				LastUpgradeCheck = 0940;
				ORGANIZATIONNAME = TechTonic;
				TargetAttributes = {
					5A15BA1421096D0E0015B1C2 = {
						CreatedOnToolsVersion = 9.4.1;
					};
				};
			};
			buildConfigurationList = 5A15BA1021096D0E0015B1C2 /* Build configuration list for PBXProject "MemeMe" */;
			compatibilityVersion = "Xcode 9.3";
			developmentRegion = en;
			hasScannedForEncodings = 0;
			knownRegions = (
				en,
				Base,
			);
			mainGroup = 5A15BA0C21096D0E0015B1C2;
			productRefGroup = 5A15BA1621096D0E0015B1C2 /* Products */;
			projectDirPath = "";
			projectRoot = "";
			targets = (
				5A15BA1421096D0E0015B1C2 /* MemeMe */,
			);
		};
/* End PBXProject section */

/* Begin PBXResourcesBuildPhase section */
		5A15BA1321096D0E0015B1C2 /* Resources */ = {
			isa = PBXResourcesBuildPhase;
			buildActionMask = 2147483647;
			files = (
				5A15BA2321096D120015B1C2 /* LaunchScreen.storyboard in Resources */,
				5A15BA2021096D110015B1C2 /* Assets.xcassets in Resources */,
				5A15BA1E21096D0E0015B1C2 /* Main.storyboard in Resources */,
			);
			runOnlyForDeploymentPostprocessing = 0;
		};
/* End PBXResourcesBuildPhase section */

/* Begin PBXSourcesBuildPhase section */
		5A15BA1121096D0E0015B1C2 /* Sources */ = {
			isa = PBXSourcesBuildPhase;
			buildActionMask = 2147483647;
			files = (
				5AF8B316210A3B78003EC803 /* Meme.swift in Sources */,
				5A0DE73C21135B0000C56CE3 /* SendMemesCollectionViewCell.swift in Sources */,
				5A15BA1B21096D0E0015B1C2 /* MemeEditorViewController.swift in Sources */,
				5A1656F021153D1400EF1D85 /* SendMemesNewCollectionViewController.swift in Sources */,
				5A15BA1921096D0E0015B1C2 /* AppDelegate.swift in Sources */,
				5A1656F2211540F800EF1D85 /* SendMemesNewTableViewController.swift in Sources */,
				5A0DE73A21135A9800C56CE3 /* SendMemesTableViewCell.swift in Sources */,
				5A1656F421154F1800EF1D85 /* DetailMemeViewController.swift in Sources */,
			);
			runOnlyForDeploymentPostprocessing = 0;
		};
/* End PBXSourcesBuildPhase section */

/* Begin PBXVariantGroup section */
		5A15BA1C21096D0E0015B1C2 /* Main.storyboard */ = {
			isa = PBXVariantGroup;
			children = (
				5A15BA1D21096D0E0015B1C2 /* Base */,
			);
			name = Main.storyboard;
			sourceTree = "<group>";
		};
		5A15BA2121096D120015B1C2 /* LaunchScreen.storyboard */ = {
			isa = PBXVariantGroup;
			children = (
				5A15BA2221096D120015B1C2 /* Base */,
			);
			name = LaunchScreen.storyboard;
			sourceTree = "<group>";
		};
/* End PBXVariantGroup section */

/* Begin XCBuildConfiguration section */
		5A15BA2521096D120015B1C2 /* Debug */ = {
			isa = XCBuildConfiguration;
			buildSettings = {
				ALWAYS_SEARCH_USER_PATHS = NO;
				CLANG_ANALYZER_NONNULL = YES;
				CLANG_ANALYZER_NUMBER_OBJECT_CONVERSION = YES_AGGRESSIVE;
				CLANG_CXX_LANGUAGE_STANDARD = "gnu++14";
				CLANG_CXX_LIBRARY = "libc++";
				CLANG_ENABLE_MODULES = YES;
				CLANG_ENABLE_OBJC_ARC = YES;
				CLANG_ENABLE_OBJC_WEAK = YES;
				CLANG_WARN_BLOCK_CAPTURE_AUTORELEASING = YES;
				CLANG_WARN_BOOL_CONVERSION = YES;
				CLANG_WARN_COMMA = YES;
				CLANG_WARN_CONSTANT_CONVERSION = YES;
				CLANG_WARN_DEPRECATED_OBJC_IMPLEMENTATIONS = YES;
				CLANG_WARN_DIRECT_OBJC_ISA_USAGE = YES_ERROR;
				CLANG_WARN_DOCUMENTATION_COMMENTS = YES;
				CLANG_WARN_EMPTY_BODY = YES;
				CLANG_WARN_ENUM_CONVERSION = YES;
				CLANG_WARN_INFINITE_RECURSION = YES;
				CLANG_WARN_INT_CONVERSION = YES;
				CLANG_WARN_NON_LITERAL_NULL_CONVERSION = YES;
				CLANG_WARN_OBJC_IMPLICIT_RETAIN_SELF = YES;
				CLANG_WARN_OBJC_LITERAL_CONVERSION = YES;
				CLANG_WARN_OBJC_ROOT_CLASS = YES_ERROR;
				CLANG_WARN_RANGE_LOOP_ANALYSIS = YES;
				CLANG_WARN_STRICT_PROTOTYPES = YES;
				CLANG_WARN_SUSPICIOUS_MOVE = YES;
				CLANG_WARN_UNGUARDED_AVAILABILITY = YES_AGGRESSIVE;
				CLANG_WARN_UNREACHABLE_CODE = YES;
				CLANG_WARN__DUPLICATE_METHOD_MATCH = YES;
				CODE_SIGN_IDENTITY = "iPhone Developer";
				COPY_PHASE_STRIP = NO;
				DEBUG_INFORMATION_FORMAT = dwarf;
				ENABLE_STRICT_OBJC_MSGSEND = YES;
				ENABLE_TESTABILITY = YES;
				GCC_C_LANGUAGE_STANDARD = gnu11;
				GCC_DYNAMIC_NO_PIC = NO;
				GCC_NO_COMMON_BLOCKS = YES;
				GCC_OPTIMIZATION_LEVEL = 0;
				GCC_PREPROCESSOR_DEFINITIONS = (
					"DEBUG=1",
					"$(inherited)",
				);
				GCC_WARN_64_TO_32_BIT_CONVERSION = YES;
				GCC_WARN_ABOUT_RETURN_TYPE = YES_ERROR;
				GCC_WARN_UNDECLARED_SELECTOR = YES;
				GCC_WARN_UNINITIALIZED_AUTOS = YES_AGGRESSIVE;
				GCC_WARN_UNUSED_FUNCTION = YES;
				GCC_WARN_UNUSED_VARIABLE = YES;
				IPHONEOS_DEPLOYMENT_TARGET = 11.4;
				MTL_ENABLE_DEBUG_INFO = YES;
				ONLY_ACTIVE_ARCH = YES;
				SDKROOT = iphoneos;
				SWIFT_ACTIVE_COMPILATION_CONDITIONS = DEBUG;
				SWIFT_OPTIMIZATION_LEVEL = "-Onone";
			};
			name = Debug;
		};
		5A15BA2621096D120015B1C2 /* Release */ = {
			isa = XCBuildConfiguration;
			buildSettings = {
				ALWAYS_SEARCH_USER_PATHS = NO;
				CLANG_ANALYZER_NONNULL = YES;
				CLANG_ANALYZER_NUMBER_OBJECT_CONVERSION = YES_AGGRESSIVE;
				CLANG_CXX_LANGUAGE_STANDARD = "gnu++14";
				CLANG_CXX_LIBRARY = "libc++";
				CLANG_ENABLE_MODULES = YES;
				CLANG_ENABLE_OBJC_ARC = YES;
				CLANG_ENABLE_OBJC_WEAK = YES;
				CLANG_WARN_BLOCK_CAPTURE_AUTORELEASING = YES;
				CLANG_WARN_BOOL_CONVERSION = YES;
				CLANG_WARN_COMMA = YES;
				CLANG_WARN_CONSTANT_CONVERSION = YES;
				CLANG_WARN_DEPRECATED_OBJC_IMPLEMENTATIONS = YES;
				CLANG_WARN_DIRECT_OBJC_ISA_USAGE = YES_ERROR;
				CLANG_WARN_DOCUMENTATION_COMMENTS = YES;
				CLANG_WARN_EMPTY_BODY = YES;
				CLANG_WARN_ENUM_CONVERSION = YES;
				CLANG_WARN_INFINITE_RECURSION = YES;
				CLANG_WARN_INT_CONVERSION = YES;
				CLANG_WARN_NON_LITERAL_NULL_CONVERSION = YES;
				CLANG_WARN_OBJC_IMPLICIT_RETAIN_SELF = YES;
				CLANG_WARN_OBJC_LITERAL_CONVERSION = YES;
				CLANG_WARN_OBJC_ROOT_CLASS = YES_ERROR;
				CLANG_WARN_RANGE_LOOP_ANALYSIS = YES;
				CLANG_WARN_STRICT_PROTOTYPES = YES;
				CLANG_WARN_SUSPICIOUS_MOVE = YES;
				CLANG_WARN_UNGUARDED_AVAILABILITY = YES_AGGRESSIVE;
				CLANG_WARN_UNREACHABLE_CODE = YES;
				CLANG_WARN__DUPLICATE_METHOD_MATCH = YES;
				CODE_SIGN_IDENTITY = "iPhone Developer";
				COPY_PHASE_STRIP = NO;
				DEBUG_INFORMATION_FORMAT = "dwarf-with-dsym";
				ENABLE_NS_ASSERTIONS = NO;
				ENABLE_STRICT_OBJC_MSGSEND = YES;
				GCC_C_LANGUAGE_STANDARD = gnu11;
				GCC_NO_COMMON_BLOCKS = YES;
				GCC_WARN_64_TO_32_BIT_CONVERSION = YES;
				GCC_WARN_ABOUT_RETURN_TYPE = YES_ERROR;
				GCC_WARN_UNDECLARED_SELECTOR = YES;
				GCC_WARN_UNINITIALIZED_AUTOS = YES_AGGRESSIVE;
				GCC_WARN_UNUSED_FUNCTION = YES;
				GCC_WARN_UNUSED_VARIABLE = YES;
				IPHONEOS_DEPLOYMENT_TARGET = 11.4;
				MTL_ENABLE_DEBUG_INFO = NO;
				SDKROOT = iphoneos;
				SWIFT_COMPILATION_MODE = wholemodule;
				SWIFT_OPTIMIZATION_LEVEL = "-O";
				VALIDATE_PRODUCT = YES;
			};
			name = Release;
		};
		5A15BA2821096D120015B1C2 /* Debug */ = {
			isa = XCBuildConfiguration;
			buildSettings = {
				ASSETCATALOG_COMPILER_APPICON_NAME = AppIcon;
				CODE_SIGN_STYLE = Automatic;
				DEVELOPMENT_TEAM = RDRMVW96A6;
				INFOPLIST_FILE = MemeMe/Info.plist;
				LD_RUNPATH_SEARCH_PATHS = (
					"$(inherited)",
					"@executable_path/Frameworks",
				);
				PRODUCT_BUNDLE_IDENTIFIER = TechTonic.MemeMe;
				PRODUCT_NAME = "$(TARGET_NAME)";
				SWIFT_VERSION = 4.0;
				TARGETED_DEVICE_FAMILY = "1,2";
			};
			name = Debug;
		};
		5A15BA2921096D120015B1C2 /* Release */ = {
			isa = XCBuildConfiguration;
			buildSettings = {
				ASSETCATALOG_COMPILER_APPICON_NAME = AppIcon;
				CODE_SIGN_STYLE = Automatic;
				DEVELOPMENT_TEAM = RDRMVW96A6;
				INFOPLIST_FILE = MemeMe/Info.plist;
				LD_RUNPATH_SEARCH_PATHS = (
					"$(inherited)",
					"@executable_path/Frameworks",
				);
				PRODUCT_BUNDLE_IDENTIFIER = TechTonic.MemeMe;
				PRODUCT_NAME = "$(TARGET_NAME)";
				SWIFT_VERSION = 4.0;
				TARGETED_DEVICE_FAMILY = "1,2";
			};
			name = Release;
		};
/* End XCBuildConfiguration section */

/* Begin XCConfigurationList section */
		5A15BA1021096D0E0015B1C2 /* Build configuration list for PBXProject "MemeMe" */ = {
			isa = XCConfigurationList;
			buildConfigurations = (
				5A15BA2521096D120015B1C2 /* Debug */,
				5A15BA2621096D120015B1C2 /* Release */,
			);
			defaultConfigurationIsVisible = 0;
			defaultConfigurationName = Release;
		};
		5A15BA2721096D120015B1C2 /* Build configuration list for PBXNativeTarget "MemeMe" */ = {
			isa = XCConfigurationList;
			buildConfigurations = (
				5A15BA2821096D120015B1C2 /* Debug */,
				5A15BA2921096D120015B1C2 /* Release */,
			);
			defaultConfigurationIsVisible = 0;
			defaultConfigurationName = Release;
		};
/* End XCConfigurationList section */
	};
	rootObject = 5A15BA0D21096D0E0015B1C2 /* Project object */;
}
